// !$*UTF8*$!
{
	archiveVersion = 1;
	classes = {
	};
	objectVersion = 56;
	objects = {

/* Begin PBXBuildFile section */
		95A7143529A0C985009BB1F7 /* JustDoIt.xcdatamodeld in Sources */ = {isa = PBXBuildFile; fileRef = 95A7143329A0C985009BB1F7 /* JustDoIt.xcdatamodeld */; };
		95A7143829A0CAB7009BB1F7 /* StorageManager.swift in Sources */ = {isa = PBXBuildFile; fileRef = 95A7143729A0CAB7009BB1F7 /* StorageManager.swift */; };
		95B64DAC299C0B2E00832C39 /* AppDelegate.swift in Sources */ = {isa = PBXBuildFile; fileRef = 95B64DAB299C0B2E00832C39 /* AppDelegate.swift */; };
		95B64DAE299C0B2E00832C39 /* SceneDelegate.swift in Sources */ = {isa = PBXBuildFile; fileRef = 95B64DAD299C0B2E00832C39 /* SceneDelegate.swift */; };
		95B64DB0299C0B2E00832C39 /* TaskListViewController.swift in Sources */ = {isa = PBXBuildFile; fileRef = 95B64DAF299C0B2E00832C39 /* TaskListViewController.swift */; };
		95B64DB3299C0B2E00832C39 /* Main.storyboard in Resources */ = {isa = PBXBuildFile; fileRef = 95B64DB1299C0B2E00832C39 /* Main.storyboard */; };
		95B64DB5299C0B2F00832C39 /* Assets.xcassets in Resources */ = {isa = PBXBuildFile; fileRef = 95B64DB4299C0B2F00832C39 /* Assets.xcassets */; };
		95B64DB8299C0B2F00832C39 /* LaunchScreen.storyboard in Resources */ = {isa = PBXBuildFile; fileRef = 95B64DB6299C0B2F00832C39 /* LaunchScreen.storyboard */; };
		95B64DC229A0BFD500832C39 /* NewTaskViewController.swift in Sources */ = {isa = PBXBuildFile; fileRef = 95B64DC129A0BFD500832C39 /* NewTaskViewController.swift */; };
/* End PBXBuildFile section */

/* Begin PBXFileReference section */
		95A7143429A0C985009BB1F7 /* JustDoIt.xcdatamodel */ = {isa = PBXFileReference; lastKnownFileType = wrapper.xcdatamodel; path = JustDoIt.xcdatamodel; sourceTree = "<group>"; };
		95A7143729A0CAB7009BB1F7 /* StorageManager.swift */ = {isa = PBXFileReference; lastKnownFileType = sourcecode.swift; path = StorageManager.swift; sourceTree = "<group>"; };
		95B64DA8299C0B2E00832C39 /* JustDoIt.app */ = {isa = PBXFileReference; explicitFileType = wrapper.application; includeInIndex = 0; path = JustDoIt.app; sourceTree = BUILT_PRODUCTS_DIR; };
		95B64DAB299C0B2E00832C39 /* AppDelegate.swift */ = {isa = PBXFileReference; lastKnownFileType = sourcecode.swift; path = AppDelegate.swift; sourceTree = "<group>"; };
		95B64DAD299C0B2E00832C39 /* SceneDelegate.swift */ = {isa = PBXFileReference; lastKnownFileType = sourcecode.swift; path = SceneDelegate.swift; sourceTree = "<group>"; };
		95B64DAF299C0B2E00832C39 /* TaskListViewController.swift */ = {isa = PBXFileReference; lastKnownFileType = sourcecode.swift; path = TaskListViewController.swift; sourceTree = "<group>"; };
		95B64DB2299C0B2E00832C39 /* Base */ = {isa = PBXFileReference; lastKnownFileType = file.storyboard; name = Base; path = Base.lproj/Main.storyboard; sourceTree = "<group>"; };
		95B64DB4299C0B2F00832C39 /* Assets.xcassets */ = {isa = PBXFileReference; lastKnownFileType = folder.assetcatalog; path = Assets.xcassets; sourceTree = "<group>"; };
		95B64DB7299C0B2F00832C39 /* Base */ = {isa = PBXFileReference; lastKnownFileType = file.storyboard; name = Base; path = Base.lproj/LaunchScreen.storyboard; sourceTree = "<group>"; };
		95B64DB9299C0B2F00832C39 /* Info.plist */ = {isa = PBXFileReference; lastKnownFileType = text.plist.xml; path = Info.plist; sourceTree = "<group>"; };
		95B64DC129A0BFD500832C39 /* NewTaskViewController.swift */ = {isa = PBXFileReference; lastKnownFileType = sourcecode.swift; path = NewTaskViewController.swift; sourceTree = "<group>"; };
/* End PBXFileReference section */

/* Begin PBXFrameworksBuildPhase section */
		95B64DA5299C0B2E00832C39 /* Frameworks */ = {
			isa = PBXFrameworksBuildPhase;
			buildActionMask = 2147483647;
			files = (
			);
			runOnlyForDeploymentPostprocessing = 0;
		};
/* End PBXFrameworksBuildPhase section */

/* Begin PBXGroup section */
		95A7143229A0C95E009BB1F7 /* Models */ = {
			isa = PBXGroup;
			children = (
				95A7143329A0C985009BB1F7 /* JustDoIt.xcdatamodeld */,
			);
			path = Models;
			sourceTree = "<group>";
		};
		95A7143629A0CAA1009BB1F7 /* Services */ = {
			isa = PBXGroup;
			children = (
				95A7143729A0CAB7009BB1F7 /* StorageManager.swift */,
			);
			path = Services;
			sourceTree = "<group>";
		};
		95B64D9F299C0B2E00832C39 = {
			isa = PBXGroup;
			children = (
				95B64DAA299C0B2E00832C39 /* JustDoIt */,
				95B64DA9299C0B2E00832C39 /* Products */,
			);
			sourceTree = "<group>";
		};
		95B64DA9299C0B2E00832C39 /* Products */ = {
			isa = PBXGroup;
			children = (
				95B64DA8299C0B2E00832C39 /* JustDoIt.app */,
			);
			name = Products;
			sourceTree = "<group>";
		};
		95B64DAA299C0B2E00832C39 /* JustDoIt */ = {
			isa = PBXGroup;
			children = (
				95B64DAB299C0B2E00832C39 /* AppDelegate.swift */,
				95B64DAD299C0B2E00832C39 /* SceneDelegate.swift */,
				95B64DAF299C0B2E00832C39 /* TaskListViewController.swift */,
				95B64DC129A0BFD500832C39 /* NewTaskViewController.swift */,
				95A7143629A0CAA1009BB1F7 /* Services */,
				95A7143229A0C95E009BB1F7 /* Models */,
				95B64DB1299C0B2E00832C39 /* Main.storyboard */,
				95B64DB4299C0B2F00832C39 /* Assets.xcassets */,
				95B64DB6299C0B2F00832C39 /* LaunchScreen.storyboard */,
				95B64DB9299C0B2F00832C39 /* Info.plist */,
			);
			path = JustDoIt;
			sourceTree = "<group>";
		};
/* End PBXGroup section */

/* Begin PBXNativeTarget section */
		95B64DA7299C0B2E00832C39 /* JustDoIt */ = {
			isa = PBXNativeTarget;
			buildConfigurationList = 95B64DBC299C0B2F00832C39 /* Build configuration list for PBXNativeTarget "JustDoIt" */;
			buildPhases = (
				95B64DA4299C0B2E00832C39 /* Sources */,
				95B64DA5299C0B2E00832C39 /* Frameworks */,
				95B64DA6299C0B2E00832C39 /* Resources */,
			);
			buildRules = (
			);
			dependencies = (
			);
			name = JustDoIt;
			productName = JustDoIt;
			productReference = 95B64DA8299C0B2E00832C39 /* JustDoIt.app */;
			productType = "com.apple.product-type.application";
		};
/* End PBXNativeTarget section */

/* Begin PBXProject section */
		95B64DA0299C0B2E00832C39 /* Project object */ = {
			isa = PBXProject;
			attributes = {
				BuildIndependentTargetsInParallel = 1;
				LastSwiftUpdateCheck = 1420;
				LastUpgradeCheck = 1420;
				TargetAttributes = {
					95B64DA7299C0B2E00832C39 = {
						CreatedOnToolsVersion = 14.2;
					};
				};
			};
			buildConfigurationList = 95B64DA3299C0B2E00832C39 /* Build configuration list for PBXProject "JustDoIt" */;
			compatibilityVersion = "Xcode 14.0";
			developmentRegion = en;
			hasScannedForEncodings = 0;
			knownRegions = (
				en,
				Base,
			);
			mainGroup = 95B64D9F299C0B2E00832C39;
			productRefGroup = 95B64DA9299C0B2E00832C39 /* Products */;
			projectDirPath = "";
			projectRoot = "";
			targets = (
				95B64DA7299C0B2E00832C39 /* JustDoIt */,
			);
		};
/* End PBXProject section */

/* Begin PBXResourcesBuildPhase section */
		95B64DA6299C0B2E00832C39 /* Resources */ = {
			isa = PBXResourcesBuildPhase;
			buildActionMask = 2147483647;
			files = (
				95B64DB8299C0B2F00832C39 /* LaunchScreen.storyboard in Resources */,
				95B64DB5299C0B2F00832C39 /* Assets.xcassets in Resources */,
				95B64DB3299C0B2E00832C39 /* Main.storyboard in Resources */,
			);
			runOnlyForDeploymentPostprocessing = 0;
		};
/* End PBXResourcesBuildPhase section */

/* Begin PBXSourcesBuildPhase section */
		95B64DA4299C0B2E00832C39 /* Sources */ = {
			isa = PBXSourcesBuildPhase;
			buildActionMask = 2147483647;
			files = (
				95B64DB0299C0B2E00832C39 /* TaskListViewController.swift in Sources */,
				95B64DAC299C0B2E00832C39 /* AppDelegate.swift in Sources */,
				95A7143529A0C985009BB1F7 /* JustDoIt.xcdatamodeld in Sources */,
				95A7143829A0CAB7009BB1F7 /* StorageManager.swift in Sources */,
				95B64DAE299C0B2E00832C39 /* SceneDelegate.swift in Sources */,
				95B64DC229A0BFD500832C39 /* NewTaskViewController.swift in Sources */,
			);
			runOnlyForDeploymentPostprocessing = 0;
		};
/* End PBXSourcesBuildPhase section */

/* Begin PBXVariantGroup section */
		95B64DB1299C0B2E00832C39 /* Main.storyboard */ = {
			isa = PBXVariantGroup;
			children = (
				95B64DB2299C0B2E00832C39 /* Base */,
			);
			name = Main.storyboard;
			sourceTree = "<group>";
		};
		95B64DB6299C0B2F00832C39 /* LaunchScreen.storyboard */ = {
			isa = PBXVariantGroup;
			children = (
				95B64DB7299C0B2F00832C39 /* Base */,
			);
			name = LaunchScreen.storyboard;
			sourceTree = "<group>";
		};
/* End PBXVariantGroup section */

/* Begin XCBuildConfiguration section */
		95B64DBA299C0B2F00832C39 /* Debug */ = {
			isa = XCBuildConfiguration;
			buildSettings = {
				ALWAYS_SEARCH_USER_PATHS = NO;
				CLANG_ANALYZER_NONNULL = YES;
				CLANG_ANALYZER_NUMBER_OBJECT_CONVERSION = YES_AGGRESSIVE;
				CLANG_CXX_LANGUAGE_STANDARD = "gnu++20";
				CLANG_ENABLE_MODULES = YES;
				CLANG_ENABLE_OBJC_ARC = YES;
				CLANG_ENABLE_OBJC_WEAK = YES;
				CLANG_WARN_BLOCK_CAPTURE_AUTORELEASING = YES;
				CLANG_WARN_BOOL_CONVERSION = YES;
				CLANG_WARN_COMMA = YES;
				CLANG_WARN_CONSTANT_CONVERSION = YES;
				CLANG_WARN_DEPRECATED_OBJC_IMPLEMENTATIONS = YES;
				CLANG_WARN_DIRECT_OBJC_ISA_USAGE = YES_ERROR;
				CLANG_WARN_DOCUMENTATION_COMMENTS = YES;
				CLANG_WARN_EMPTY_BODY = YES;
				CLANG_WARN_ENUM_CONVERSION = YES;
				CLANG_WARN_INFINITE_RECURSION = YES;
				CLANG_WARN_INT_CONVERSION = YES;
				CLANG_WARN_NON_LITERAL_NULL_CONVERSION = YES;
				CLANG_WARN_OBJC_IMPLICIT_RETAIN_SELF = YES;
				CLANG_WARN_OBJC_LITERAL_CONVERSION = YES;
				CLANG_WARN_OBJC_ROOT_CLASS = YES_ERROR;
				CLANG_WARN_QUOTED_INCLUDE_IN_FRAMEWORK_HEADER = YES;
				CLANG_WARN_RANGE_LOOP_ANALYSIS = YES;
				CLANG_WARN_STRICT_PROTOTYPES = YES;
				CLANG_WARN_SUSPICIOUS_MOVE = YES;
				CLANG_WARN_UNGUARDED_AVAILABILITY = YES_AGGRESSIVE;
				CLANG_WARN_UNREACHABLE_CODE = YES;
				CLANG_WARN__DUPLICATE_METHOD_MATCH = YES;
				COPY_PHASE_STRIP = NO;
				DEBUG_INFORMATION_FORMAT = dwarf;
				ENABLE_STRICT_OBJC_MSGSEND = YES;
				ENABLE_TESTABILITY = YES;
				GCC_C_LANGUAGE_STANDARD = gnu11;
				GCC_DYNAMIC_NO_PIC = NO;
				GCC_NO_COMMON_BLOCKS = YES;
				GCC_OPTIMIZATION_LEVEL = 0;
				GCC_PREPROCESSOR_DEFINITIONS = (
					"DEBUG=1",
					"$(inherited)",
				);
				GCC_WARN_64_TO_32_BIT_CONVERSION = YES;
				GCC_WARN_ABOUT_RETURN_TYPE = YES_ERROR;
				GCC_WARN_UNDECLARED_SELECTOR = YES;
				GCC_WARN_UNINITIALIZED_AUTOS = YES_AGGRESSIVE;
				GCC_WARN_UNUSED_FUNCTION = YES;
				GCC_WARN_UNUSED_VARIABLE = YES;
				IPHONEOS_DEPLOYMENT_TARGET = 16.2;
				MTL_ENABLE_DEBUG_INFO = INCLUDE_SOURCE;
				MTL_FAST_MATH = YES;
				ONLY_ACTIVE_ARCH = YES;
				SDKROOT = iphoneos;
				SWIFT_ACTIVE_COMPILATION_CONDITIONS = DEBUG;
				SWIFT_OPTIMIZATION_LEVEL = "-Onone";
			};
			name = Debug;
		};
		95B64DBB299C0B2F00832C39 /* Release */ = {
			isa = XCBuildConfiguration;
			buildSettings = {
				ALWAYS_SEARCH_USER_PATHS = NO;
				CLANG_ANALYZER_NONNULL = YES;
				CLANG_ANALYZER_NUMBER_OBJECT_CONVERSION = YES_AGGRESSIVE;
				CLANG_CXX_LANGUAGE_STANDARD = "gnu++20";
				CLANG_ENABLE_MODULES = YES;
				CLANG_ENABLE_OBJC_ARC = YES;
				CLANG_ENABLE_OBJC_WEAK = YES;
				CLANG_WARN_BLOCK_CAPTURE_AUTORELEASING = YES;
				CLANG_WARN_BOOL_CONVERSION = YES;
				CLANG_WARN_COMMA = YES;
				CLANG_WARN_CONSTANT_CONVERSION = YES;
				CLANG_WARN_DEPRECATED_OBJC_IMPLEMENTATIONS = YES;
				CLANG_WARN_DIRECT_OBJC_ISA_USAGE = YES_ERROR;
				CLANG_WARN_DOCUMENTATION_COMMENTS = YES;
				CLANG_WARN_EMPTY_BODY = YES;
				CLANG_WARN_ENUM_CONVERSION = YES;
				CLANG_WARN_INFINITE_RECURSION = YES;
				CLANG_WARN_INT_CONVERSION = YES;
				CLANG_WARN_NON_LITERAL_NULL_CONVERSION = YES;
				CLANG_WARN_OBJC_IMPLICIT_RETAIN_SELF = YES;
				CLANG_WARN_OBJC_LITERAL_CONVERSION = YES;
				CLANG_WARN_OBJC_ROOT_CLASS = YES_ERROR;
				CLANG_WARN_QUOTED_INCLUDE_IN_FRAMEWORK_HEADER = YES;
				CLANG_WARN_RANGE_LOOP_ANALYSIS = YES;
				CLANG_WARN_STRICT_PROTOTYPES = YES;
				CLANG_WARN_SUSPICIOUS_MOVE = YES;
				CLANG_WARN_UNGUARDED_AVAILABILITY = YES_AGGRESSIVE;
				CLANG_WARN_UNREACHABLE_CODE = YES;
				CLANG_WARN__DUPLICATE_METHOD_MATCH = YES;
				COPY_PHASE_STRIP = NO;
				DEBUG_INFORMATION_FORMAT = "dwarf-with-dsym";
				ENABLE_NS_ASSERTIONS = NO;
				ENABLE_STRICT_OBJC_MSGSEND = YES;
				GCC_C_LANGUAGE_STANDARD = gnu11;
				GCC_NO_COMMON_BLOCKS = YES;
				GCC_WARN_64_TO_32_BIT_CONVERSION = YES;
				GCC_WARN_ABOUT_RETURN_TYPE = YES_ERROR;
				GCC_WARN_UNDECLARED_SELECTOR = YES;
				GCC_WARN_UNINITIALIZED_AUTOS = YES_AGGRESSIVE;
				GCC_WARN_UNUSED_FUNCTION = YES;
				GCC_WARN_UNUSED_VARIABLE = YES;
				IPHONEOS_DEPLOYMENT_TARGET = 16.2;
				MTL_ENABLE_DEBUG_INFO = NO;
				MTL_FAST_MATH = YES;
				SDKROOT = iphoneos;
				SWIFT_COMPILATION_MODE = wholemodule;
				SWIFT_OPTIMIZATION_LEVEL = "-O";
				VALIDATE_PRODUCT = YES;
			};
			name = Release;
		};
		95B64DBD299C0B2F00832C39 /* Debug */ = {
			isa = XCBuildConfiguration;
			buildSettings = {
				ASSETCATALOG_COMPILER_APPICON_NAME = AppIcon;
				ASSETCATALOG_COMPILER_GLOBAL_ACCENT_COLOR_NAME = AccentColor;
				CODE_SIGN_STYLE = Automatic;
				CURRENT_PROJECT_VERSION = 1;
				DEVELOPMENT_TEAM = B6DXKZP464;
				GENERATE_INFOPLIST_FILE = YES;
				INFOPLIST_FILE = JustDoIt/Info.plist;
				INFOPLIST_KEY_UIApplicationSupportsIndirectInputEvents = YES;
				INFOPLIST_KEY_UILaunchStoryboardName = LaunchScreen;
				INFOPLIST_KEY_UIMainStoryboardFile = Main;
				INFOPLIST_KEY_UIStatusBarStyle = UIStatusBarStyleLightContent;
				INFOPLIST_KEY_UISupportedInterfaceOrientations_iPad = "UIInterfaceOrientationPortrait UIInterfaceOrientationPortraitUpsideDown UIInterfaceOrientationLandscapeLeft UIInterfaceOrientationLandscapeRight";
				INFOPLIST_KEY_UISupportedInterfaceOrientations_iPhone = "UIInterfaceOrientationPortrait UIInterfaceOrientationLandscapeLeft UIInterfaceOrientationLandscapeRight";
				LD_RUNPATH_SEARCH_PATHS = (
					"$(inherited)",
					"@executable_path/Frameworks",
				);
				MARKETING_VERSION = 1.0;
				PRODUCT_BUNDLE_IDENTIFIER = "Kir-Tarasko.JustDoIt";
				PRODUCT_NAME = "$(TARGET_NAME)";
				SUPPORTED_PLATFORMS = "iphoneos iphonesimulator";
				SUPPORTS_MACCATALYST = NO;
				SUPPORTS_MAC_DESIGNED_FOR_IPHONE_IPAD = NO;
				SWIFT_EMIT_LOC_STRINGS = YES;
				SWIFT_VERSION = 5.0;
				TARGETED_DEVICE_FAMILY = 1;
			};
			name = Debug;
		};
		95B64DBE299C0B2F00832C39 /* Release */ = {
			isa = XCBuildConfiguration;
			buildSettings = {
				ASSETCATALOG_COMPILER_APPICON_NAME = AppIcon;
				ASSETCATALOG_COMPILER_GLOBAL_ACCENT_COLOR_NAME = AccentColor;
				CODE_SIGN_STYLE = Automatic;
				CURRENT_PROJECT_VERSION = 1;
				DEVELOPMENT_TEAM = B6DXKZP464;
				GENERATE_INFOPLIST_FILE = YES;
				INFOPLIST_FILE = JustDoIt/Info.plist;
				INFOPLIST_KEY_UIApplicationSupportsIndirectInputEvents = YES;
				INFOPLIST_KEY_UILaunchStoryboardName = LaunchScreen;
				INFOPLIST_KEY_UIMainStoryboardFile = Main;
				INFOPLIST_KEY_UIStatusBarStyle = UIStatusBarStyleLightContent;
				INFOPLIST_KEY_UISupportedInterfaceOrientations_iPad = "UIInterfaceOrientationPortrait UIInterfaceOrientationPortraitUpsideDown UIInterfaceOrientationLandscapeLeft UIInterfaceOrientationLandscapeRight";
				INFOPLIST_KEY_UISupportedInterfaceOrientations_iPhone = "UIInterfaceOrientationPortrait UIInterfaceOrientationLandscapeLeft UIInterfaceOrientationLandscapeRight";
				LD_RUNPATH_SEARCH_PATHS = (
					"$(inherited)",
					"@executable_path/Frameworks",
				);
				MARKETING_VERSION = 1.0;
				PRODUCT_BUNDLE_IDENTIFIER = "Kir-Tarasko.JustDoIt";
				PRODUCT_NAME = "$(TARGET_NAME)";
				SUPPORTED_PLATFORMS = "iphoneos iphonesimulator";
				SUPPORTS_MACCATALYST = NO;
				SUPPORTS_MAC_DESIGNED_FOR_IPHONE_IPAD = NO;
				SWIFT_EMIT_LOC_STRINGS = YES;
				SWIFT_VERSION = 5.0;
				TARGETED_DEVICE_FAMILY = 1;
			};
			name = Release;
		};
/* End XCBuildConfiguration section */

/* Begin XCConfigurationList section */
		95B64DA3299C0B2E00832C39 /* Build configuration list for PBXProject "JustDoIt" */ = {
			isa = XCConfigurationList;
			buildConfigurations = (
				95B64DBA299C0B2F00832C39 /* Debug */,
				95B64DBB299C0B2F00832C39 /* Release */,
			);
			defaultConfigurationIsVisible = 0;
			defaultConfigurationName = Release;
		};
		95B64DBC299C0B2F00832C39 /* Build configuration list for PBXNativeTarget "JustDoIt" */ = {
			isa = XCConfigurationList;
			buildConfigurations = (
				95B64DBD299C0B2F00832C39 /* Debug */,
				95B64DBE299C0B2F00832C39 /* Release */,
			);
			defaultConfigurationIsVisible = 0;
			defaultConfigurationName = Release;
		};
/* End XCConfigurationList section */

/* Begin XCVersionGroup section */
		95A7143329A0C985009BB1F7 /* JustDoIt.xcdatamodeld */ = {
			isa = XCVersionGroup;
			children = (
				95A7143429A0C985009BB1F7 /* JustDoIt.xcdatamodel */,
			);
			currentVersion = 95A7143429A0C985009BB1F7 /* JustDoIt.xcdatamodel */;
			path = JustDoIt.xcdatamodeld;
			sourceTree = "<group>";
			versionGroupType = wrapper.xcdatamodel;
		};
/* End XCVersionGroup section */
	};
	rootObject = 95B64DA0299C0B2E00832C39 /* Project object */;
}
